
Microsoft Visual Studio Solution File, Format Version 12.00
# Visual Studio 15
VisualStudioVersion = 15.0.28307.329
MinimumVisualStudioVersion = 10.0.40219.1
Project("{FAE04EC0-301F-11D3-BF4B-00C04F79EFBC}") = "Calculator", "Calculator\Calculator.csproj", "{DBF9F452-4977-47A2-B779-8FD1B22B4164}"
EndProject
Global
	GlobalSection(SolutionConfigurationPlatforms) = preSolution
		Debug|Any CPU = Debug|Any CPU
		Release|Any CPU = Release|Any CPU
	EndGlobalSection
	GlobalSection(ProjectConfigurationPlatforms) = postSolution
		{DBF9F452-4977-47A2-B779-8FD1B22B4164}.Debug|Any CPU.ActiveCfg = Debug|Any CPU
		{DBF9F452-4977-47A2-B779-8FD1B22B4164}.Debug|Any CPU.Build.0 = Debug|Any CPU
		{DBF9F452-4977-47A2-B779-8FD1B22B4164}.Release|Any CPU.ActiveCfg = Release|Any CPU
		{DBF9F452-4977-47A2-B779-8FD1B22B4164}.Release|Any CPU.Build.0 = Release|Any CPU
	EndGlobalSection
	GlobalSection(SolutionProperties) = preSolution
		HideSolutionNode = FALSE
	EndGlobalSection
	GlobalSection(ExtensibilityGlobals) = postSolution
		SolutionGuid = {F7BA7F73-CF16-42B6-BA5A-93A2CA1A255C}
	EndGlobalSection
EndGlobal
